
Microsoft Visual Studio Solution File, Format Version 12.00
# Visual Studio Version 17
VisualStudioVersion = 17.9.34407.89
MinimumVisualStudioVersion = 10.0.40219.1
Project("{9A19103F-16F7-4668-BE54-9A1E7A4F7556}") = "ConsoleApp6", "src\6_x\ConsoleApp6\ConsoleApp6.csproj", "{96E31521-825C-4034-BD15-D9B59B485D1F}"
EndProject
Project("{2150E333-8FDC-42A3-9474-1A3956D46DE8}") = "6_x", "6_x", "{8CBC766F-66B1-4828-87C0-5E5BA426BDE0}"
EndProject
Project("{2150E333-8FDC-42A3-9474-1A3956D46DE8}") = "8_x", "8_x", "{79089EBE-160D-4949-B0BA-A2F56561DFC0}"
EndProject
Project("{2150E333-8FDC-42A3-9474-1A3956D46DE8}") = "5_x", "5_x", "{25800115-4B29-4DE9-9B51-45E99080D7E9}"
EndProject
Project("{2150E333-8FDC-42A3-9474-1A3956D46DE8}") = "3_x", "3_x", "{B31F555C-BB33-4E0C-9662-8BA98C73C33F}"
EndProject
Project("{2150E333-8FDC-42A3-9474-1A3956D46DE8}") = "2_x", "2_x", "{33CC66DB-952D-4F45-BD1E-CC89952D6BFD}"
EndProject
Project("{9A19103F-16F7-4668-BE54-9A1E7A4F7556}") = "ConsoleApp8", "src\8_x\ConsoleApp8\ConsoleApp8.csproj", "{A41BB111-7ECD-4E12-858A-CCF793C5657B}"
EndProject
Project("{FAE04EC0-301F-11D3-BF4B-00C04F79EFBC}") = "ConsoleApp2", "src\2_x\ConsoleApp2\ConsoleApp2.csproj", "{6590B600-2F51-4150-B5DA-260935AA07A2}"
EndProject
Project("{FAE04EC0-301F-11D3-BF4B-00C04F79EFBC}") = "ConsoleApp3", "src\3_x\ConsoleApp3\ConsoleApp3.csproj", "{6808B12C-D9CB-4EA5-BB78-3A8AA14908A8}"
EndProject
Project("{FAE04EC0-301F-11D3-BF4B-00C04F79EFBC}") = "ConsoleApp5", "src\5_x\ConsoleApp5\ConsoleApp5.csproj", "{8FBAC359-6362-43E3-B0E1-66C010327D5F}"
EndProject
Project("{2150E333-8FDC-42A3-9474-1A3956D46DE8}") = "7_x", "7_x", "{B7A9E469-B362-4A44-8C98-213FB511FA74}"
EndProject
Project("{FAE04EC0-301F-11D3-BF4B-00C04F79EFBC}") = "ConsoleApp7", "src\7_x\ConsoleApp7\ConsoleApp7.csproj", "{5BA897B5-2D91-4E4B-B9D8-27F03001029F}"
EndProject
Global
	GlobalSection(SolutionConfigurationPlatforms) = preSolution
		Debug|Any CPU = Debug|Any CPU
		Release|Any CPU = Release|Any CPU
	EndGlobalSection
	GlobalSection(ProjectConfigurationPlatforms) = postSolution
		{96E31521-825C-4034-BD15-D9B59B485D1F}.Debug|Any CPU.ActiveCfg = Debug|Any CPU
		{96E31521-825C-4034-BD15-D9B59B485D1F}.Debug|Any CPU.Build.0 = Debug|Any CPU
		{96E31521-825C-4034-BD15-D9B59B485D1F}.Release|Any CPU.ActiveCfg = Release|Any CPU
		{96E31521-825C-4034-BD15-D9B59B485D1F}.Release|Any CPU.Build.0 = Release|Any CPU
		{A41BB111-7ECD-4E12-858A-CCF793C5657B}.Debug|Any CPU.ActiveCfg = Debug|Any CPU
		{A41BB111-7ECD-4E12-858A-CCF793C5657B}.Debug|Any CPU.Build.0 = Debug|Any CPU
		{A41BB111-7ECD-4E12-858A-CCF793C5657B}.Release|Any CPU.ActiveCfg = Release|Any CPU
		{A41BB111-7ECD-4E12-858A-CCF793C5657B}.Release|Any CPU.Build.0 = Release|Any CPU
		{6590B600-2F51-4150-B5DA-260935AA07A2}.Debug|Any CPU.ActiveCfg = Debug|Any CPU
		{6590B600-2F51-4150-B5DA-260935AA07A2}.Debug|Any CPU.Build.0 = Debug|Any CPU
		{6590B600-2F51-4150-B5DA-260935AA07A2}.Release|Any CPU.ActiveCfg = Release|Any CPU
		{6590B600-2F51-4150-B5DA-260935AA07A2}.Release|Any CPU.Build.0 = Release|Any CPU
		{6808B12C-D9CB-4EA5-BB78-3A8AA14908A8}.Debug|Any CPU.ActiveCfg = Debug|Any CPU
		{6808B12C-D9CB-4EA5-BB78-3A8AA14908A8}.Debug|Any CPU.Build.0 = Debug|Any CPU
		{6808B12C-D9CB-4EA5-BB78-3A8AA14908A8}.Release|Any CPU.ActiveCfg = Release|Any CPU
		{6808B12C-D9CB-4EA5-BB78-3A8AA14908A8}.Release|Any CPU.Build.0 = Release|Any CPU
		{8FBAC359-6362-43E3-B0E1-66C010327D5F}.Debug|Any CPU.ActiveCfg = Debug|Any CPU
		{8FBAC359-6362-43E3-B0E1-66C010327D5F}.Debug|Any CPU.Build.0 = Debug|Any CPU
		{8FBAC359-6362-43E3-B0E1-66C010327D5F}.Release|Any CPU.ActiveCfg = Release|Any CPU
		{8FBAC359-6362-43E3-B0E1-66C010327D5F}.Release|Any CPU.Build.0 = Release|Any CPU
		{5BA897B5-2D91-4E4B-B9D8-27F03001029F}.Debug|Any CPU.ActiveCfg = Debug|Any CPU
		{5BA897B5-2D91-4E4B-B9D8-27F03001029F}.Debug|Any CPU.Build.0 = Debug|Any CPU
		{5BA897B5-2D91-4E4B-B9D8-27F03001029F}.Release|Any CPU.ActiveCfg = Release|Any CPU
		{5BA897B5-2D91-4E4B-B9D8-27F03001029F}.Release|Any CPU.Build.0 = Release|Any CPU
	EndGlobalSection
	GlobalSection(SolutionProperties) = preSolution
		HideSolutionNode = FALSE
	EndGlobalSection
	GlobalSection(NestedProjects) = preSolution
		{96E31521-825C-4034-BD15-D9B59B485D1F} = {8CBC766F-66B1-4828-87C0-5E5BA426BDE0}
		{A41BB111-7ECD-4E12-858A-CCF793C5657B} = {79089EBE-160D-4949-B0BA-A2F56561DFC0}
		{6590B600-2F51-4150-B5DA-260935AA07A2} = {33CC66DB-952D-4F45-BD1E-CC89952D6BFD}
		{6808B12C-D9CB-4EA5-BB78-3A8AA14908A8} = {B31F555C-BB33-4E0C-9662-8BA98C73C33F}
		{8FBAC359-6362-43E3-B0E1-66C010327D5F} = {25800115-4B29-4DE9-9B51-45E99080D7E9}
		{5BA897B5-2D91-4E4B-B9D8-27F03001029F} = {B7A9E469-B362-4A44-8C98-213FB511FA74}
	EndGlobalSection
	GlobalSection(ExtensibilityGlobals) = postSolution
		SolutionGuid = {2DE54658-2845-42B3-ABDB-A353047BC069}
	EndGlobalSection
EndGlobal
